
Microsoft Visual Studio Solution File, Format Version 12.00
# Visual Studio 2010
Project("{2150E333-8FDC-42A3-9474-1A3956D46DE8}") = "Library", "Library", "{AB77D616-F36D-4443-BEAF-53F0113FD42A}"
EndProject
Project("{2150E333-8FDC-42A3-9474-1A3956D46DE8}") = "Logger", "Logger", "{4D0F8940-BCCA-47EE-B8F9-C8A823A07060}"
EndProject
Project("{2150E333-8FDC-42A3-9474-1A3956D46DE8}") = "Client", "Client", "{A10BE42E-811B-4046-BC36-A3FF847EBA4E}"
EndProject
Project("{2150E333-8FDC-42A3-9474-1A3956D46DE8}") = "Service", "Service", "{D6F47A86-5D0C-4391-9A89-474A19F32BDC}"
EndProject
Project("{2150E333-8FDC-42A3-9474-1A3956D46DE8}") = "Distributed", "Distributed", "{1ECDCA89-5CAC-43D3-8B79-E5369AA4378A}"
EndProject
Project("{2150E333-8FDC-42A3-9474-1A3956D46DE8}") = "NTier", "NTier", "{2FB7090B-AF6B-4EFC-BB7C-4A67740A685C}"
EndProject
Project("{2150E333-8FDC-42A3-9474-1A3956D46DE8}") = "Standalone", "Standalone", "{8E188D4E-4504-48DD-92B4-4D681C6C9DA0}"
EndProject
Project("{2150E333-8FDC-42A3-9474-1A3956D46DE8}") = "RichClient", "RichClient", "{39CB6642-69BF-4ED5-A661-BB2E0B32F3BB}"
EndProject
Project("{FAE04EC0-301F-11D3-BF4B-00C04F79EFBC}") = "TPG.SoftwareFactory.Contract", "TPG.SoftwareFactory.Contract\TPG.SoftwareFactory.Contract.csproj", "{B44CC900-7D39-43CC-BC7F-52A028AB0922}"
EndProject
Project("{FAE04EC0-301F-11D3-BF4B-00C04F79EFBC}") = "TPG.SoftwareFactory.Model", "TPG.SoftwareFactory.Model\TPG.SoftwareFactory.Model.csproj", "{F8D5A0B8-650F-4A10-BAAF-14B87D50F00C}"
EndProject
Project("{FAE04EC0-301F-11D3-BF4B-00C04F79EFBC}") = "TPG.SoftwareFactory.ComponentFactory", "TPG.SoftwareFactory.ComponentFactory\TPG.SoftwareFactory.ComponentFactory.csproj", "{A97CF133-3317-4536-9A1A-0CADF9B59212}"
EndProject
Project("{FAE04EC0-301F-11D3-BF4B-00C04F79EFBC}") = "TPG.SoftwareFactory.Logger", "TPG.SoftwareFactory.Logger\TPG.SoftwareFactory.Logger.csproj", "{DA1B087B-CCE1-4498-BDE4-30E4DEE900E9}"
EndProject
Project("{FAE04EC0-301F-11D3-BF4B-00C04F79EFBC}") = "TPG.SoftwareFactory.Log4Net", "TPG.SoftwareFactory.Log4Net\TPG.SoftwareFactory.Log4Net.csproj", "{6778DFB6-8AF2-4217-8CEE-C2887E8B2989}"
EndProject
Project("{FAE04EC0-301F-11D3-BF4B-00C04F79EFBC}") = "TPG.SoftwareFactory.Service", "TPG.SoftwareFactory.Service\TPG.SoftwareFactory.Service.csproj", "{50BA0CC6-6DAE-4C09-97C1-CE6CB22B68A8}"
EndProject
Project("{FAE04EC0-301F-11D3-BF4B-00C04F79EFBC}") = "TPG.SoftwareFactory.Services", "TPG.SoftwareFactory.Services\TPG.SoftwareFactory.Services.csproj", "{8860D0D9-4BBC-42E2-ADF4-D9E23A2BDCC5}"
EndProject
Project("{FAE04EC0-301F-11D3-BF4B-00C04F79EFBC}") = "TPG.SoftwareFactory.ServiceApp", "TPG.SoftwareFactory.ServiceApp\TPG.SoftwareFactory.ServiceApp.csproj", "{90F36D32-6D43-4990-9926-BE2806FF2DDF}"
EndProject
Project("{FAE04EC0-301F-11D3-BF4B-00C04F79EFBC}") = "TPG.SoftwareFactory.EnterpriseLibrary", "TPG.SoftwareFactory.EntrpriseLibrary\TPG.SoftwareFactory.EnterpriseLibrary.csproj", "{E5B3ECEA-682A-4B6B-93BE-2C735035FE58}"
EndProject
Project("{FAE04EC0-301F-11D3-BF4B-00C04F79EFBC}") = "StandaloneClient", "Clients\StandaloneClient\StandaloneClient.csproj", "{98A5BA0C-1FFD-4C05-8C08-FFEAD9F90D06}"
EndProject
Project("{FAE04EC0-301F-11D3-BF4B-00C04F79EFBC}") = "DistributedClient1", "Clients\DistributedClient1\DistributedClient1.csproj", "{E5798DF1-3BA6-4A19-9C5F-7F602DC8BFC8}"
EndProject
Project("{FAE04EC0-301F-11D3-BF4B-00C04F79EFBC}") = "DistributedClient2", "Clients\DistributedClient2\DistributedClient2.csproj", "{E6BA1020-3CC4-4D61-BF40-240F13C6F375}"
EndProject
Project("{FAE04EC0-301F-11D3-BF4B-00C04F79EFBC}") = "NTierDB", "Clients\NTierDB\NTierDB.csproj", "{8EB2A810-300D-4CCD-86C0-F4F83F5F8544}"
EndProject
Project("{FAE04EC0-301F-11D3-BF4B-00C04F79EFBC}") = "NTierWebUI", "Clients\NTierWebUI\NTierWebUI.csproj", "{73E73B54-8945-4E74-82FC-3FAA4A72C513}"
EndProject
Project("{FAE04EC0-301F-11D3-BF4B-00C04F79EFBC}") = "RichClientApp", "Clients\RichClientApp\RichClientApp.csproj", "{30A45CD4-BC54-44B0-94B0-1E91BEF3B44A}"
	ProjectSection(ProjectDependencies) = postProject
		{90F36D32-6D43-4990-9926-BE2806FF2DDF} = {90F36D32-6D43-4990-9926-BE2806FF2DDF}
	EndProjectSection
EndProject
Project("{2150E333-8FDC-42A3-9474-1A3956D46DE8}") = "Queue", "Queue", "{B8861A23-3039-4C3F-95F7-D732CAD25C1E}"
EndProject
Project("{FAE04EC0-301F-11D3-BF4B-00C04F79EFBC}") = "TPG.SoftwareFactory.FileQueueEngine", "TPG.SoftwareFactory.FileQueueEngine\TPG.SoftwareFactory.FileQueueEngine.csproj", "{F8DDB763-8FA3-4C99-9B3C-94D085EF6B19}"
EndProject
Project("{FAE04EC0-301F-11D3-BF4B-00C04F79EFBC}") = "TPG.SoftwareFactory.QueueEngine", "TPG.SoftwareFactory.QueueEngine\TPG.SoftwareFactory.QueueEngine.csproj", "{786168EE-ACE6-4DBE-92E3-A234AFB28D1D}"
EndProject
Project("{2150E333-8FDC-42A3-9474-1A3956D46DE8}") = "QueueClient", "QueueClient", "{6185F7CF-2B25-46E8-9321-74C14495EC85}"
EndProject
Project("{2150E333-8FDC-42A3-9474-1A3956D46DE8}") = "LoggerClient", "LoggerClient", "{8B1A6B00-B1AA-4427-BF6A-5045CF947D85}"
EndProject
Project("{FAE04EC0-301F-11D3-BF4B-00C04F79EFBC}") = "TPG.SoftwareFactory.ServiceQueueEngine", "TPG.SoftwareFactory.ServiceQueueEngine\TPG.SoftwareFactory.ServiceQueueEngine.csproj", "{637A61F2-5907-439D-BC66-F505264584A0}"
EndProject
Project("{FAE04EC0-301F-11D3-BF4B-00C04F79EFBC}") = "TPG.SoftwareFactory.DBQueueEngine", "TPG.SoftwareFactory.DBQueueEngine\TPG.SoftwareFactory.DBQueueEngine.csproj", "{EAAA6E53-ED39-4DCB-AD1A-E0ABAF02F9B8}"
EndProject
Project("{FAE04EC0-301F-11D3-BF4B-00C04F79EFBC}") = "QueuedLoggingClient", "QueuedLoggingClient\QueuedLoggingClient.csproj", "{E6C0B856-8F84-4514-A710-0C7DE9EE8E4F}"
EndProject
Project("{2150E333-8FDC-42A3-9474-1A3956D46DE8}") = "BackgroundService", "BackgroundService", "{5E29A712-1224-4053-BE20-42FBFEF9CC6E}"
EndProject
Project("{FAE04EC0-301F-11D3-BF4B-00C04F79EFBC}") = "TPG.SoftwareFactory.QueueProcessor", "TPG.SoftwareFactory.QueueProcessor\TPG.SoftwareFactory.QueueProcessor.csproj", "{7B6D44ED-E1B7-4DEA-A052-19BE30AADAAC}"
EndProject
Project("{FAE04EC0-301F-11D3-BF4B-00C04F79EFBC}") = "TPG.SoftwareFactory.QueueProcessorHost", "TPG.SoftwareFactory.QueueProcessorHost\TPG.SoftwareFactory.QueueProcessorHost.csproj", "{90478F0B-3534-4933-8CC0-D3B98C7F005A}"
EndProject
Global
	GlobalSection(SolutionConfigurationPlatforms) = preSolution
		Debug|Any CPU = Debug|Any CPU
		Debug|Mixed Platforms = Debug|Mixed Platforms
		Debug|x86 = Debug|x86
		Release|Any CPU = Release|Any CPU
		Release|Mixed Platforms = Release|Mixed Platforms
		Release|x86 = Release|x86
	EndGlobalSection
	GlobalSection(ProjectConfigurationPlatforms) = postSolution
		{B44CC900-7D39-43CC-BC7F-52A028AB0922}.Debug|Any CPU.ActiveCfg = Debug|Any CPU
		{B44CC900-7D39-43CC-BC7F-52A028AB0922}.Debug|Any CPU.Build.0 = Debug|Any CPU
		{B44CC900-7D39-43CC-BC7F-52A028AB0922}.Debug|Mixed Platforms.ActiveCfg = Debug|Any CPU
		{B44CC900-7D39-43CC-BC7F-52A028AB0922}.Debug|Mixed Platforms.Build.0 = Debug|Any CPU
		{B44CC900-7D39-43CC-BC7F-52A028AB0922}.Debug|x86.ActiveCfg = Debug|Any CPU
		{B44CC900-7D39-43CC-BC7F-52A028AB0922}.Release|Any CPU.ActiveCfg = Release|Any CPU
		{B44CC900-7D39-43CC-BC7F-52A028AB0922}.Release|Any CPU.Build.0 = Release|Any CPU
		{B44CC900-7D39-43CC-BC7F-52A028AB0922}.Release|Mixed Platforms.ActiveCfg = Release|Any CPU
		{B44CC900-7D39-43CC-BC7F-52A028AB0922}.Release|Mixed Platforms.Build.0 = Release|Any CPU
		{B44CC900-7D39-43CC-BC7F-52A028AB0922}.Release|x86.ActiveCfg = Release|Any CPU
		{F8D5A0B8-650F-4A10-BAAF-14B87D50F00C}.Debug|Any CPU.ActiveCfg = Debug|Any CPU
		{F8D5A0B8-650F-4A10-BAAF-14B87D50F00C}.Debug|Any CPU.Build.0 = Debug|Any CPU
		{F8D5A0B8-650F-4A10-BAAF-14B87D50F00C}.Debug|Mixed Platforms.ActiveCfg = Debug|Any CPU
		{F8D5A0B8-650F-4A10-BAAF-14B87D50F00C}.Debug|Mixed Platforms.Build.0 = Debug|Any CPU
		{F8D5A0B8-650F-4A10-BAAF-14B87D50F00C}.Debug|x86.ActiveCfg = Debug|Any CPU
		{F8D5A0B8-650F-4A10-BAAF-14B87D50F00C}.Release|Any CPU.ActiveCfg = Release|Any CPU
		{F8D5A0B8-650F-4A10-BAAF-14B87D50F00C}.Release|Any CPU.Build.0 = Release|Any CPU
		{F8D5A0B8-650F-4A10-BAAF-14B87D50F00C}.Release|Mixed Platforms.ActiveCfg = Release|Any CPU
		{F8D5A0B8-650F-4A10-BAAF-14B87D50F00C}.Release|Mixed Platforms.Build.0 = Release|Any CPU
		{F8D5A0B8-650F-4A10-BAAF-14B87D50F00C}.Release|x86.ActiveCfg = Release|Any CPU
		{A97CF133-3317-4536-9A1A-0CADF9B59212}.Debug|Any CPU.ActiveCfg = Debug|Any CPU
		{A97CF133-3317-4536-9A1A-0CADF9B59212}.Debug|Any CPU.Build.0 = Debug|Any CPU
		{A97CF133-3317-4536-9A1A-0CADF9B59212}.Debug|Mixed Platforms.ActiveCfg = Debug|Any CPU
		{A97CF133-3317-4536-9A1A-0CADF9B59212}.Debug|Mixed Platforms.Build.0 = Debug|Any CPU
		{A97CF133-3317-4536-9A1A-0CADF9B59212}.Debug|x86.ActiveCfg = Debug|Any CPU
		{A97CF133-3317-4536-9A1A-0CADF9B59212}.Release|Any CPU.ActiveCfg = Release|Any CPU
		{A97CF133-3317-4536-9A1A-0CADF9B59212}.Release|Any CPU.Build.0 = Release|Any CPU
		{A97CF133-3317-4536-9A1A-0CADF9B59212}.Release|Mixed Platforms.ActiveCfg = Release|Any CPU
		{A97CF133-3317-4536-9A1A-0CADF9B59212}.Release|Mixed Platforms.Build.0 = Release|Any CPU
		{A97CF133-3317-4536-9A1A-0CADF9B59212}.Release|x86.ActiveCfg = Release|Any CPU
		{DA1B087B-CCE1-4498-BDE4-30E4DEE900E9}.Debug|Any CPU.ActiveCfg = Debug|Any CPU
		{DA1B087B-CCE1-4498-BDE4-30E4DEE900E9}.Debug|Any CPU.Build.0 = Debug|Any CPU
		{DA1B087B-CCE1-4498-BDE4-30E4DEE900E9}.Debug|Mixed Platforms.ActiveCfg = Debug|Any CPU
		{DA1B087B-CCE1-4498-BDE4-30E4DEE900E9}.Debug|Mixed Platforms.Build.0 = Debug|Any CPU
		{DA1B087B-CCE1-4498-BDE4-30E4DEE900E9}.Debug|x86.ActiveCfg = Debug|Any CPU
		{DA1B087B-CCE1-4498-BDE4-30E4DEE900E9}.Release|Any CPU.ActiveCfg = Release|Any CPU
		{DA1B087B-CCE1-4498-BDE4-30E4DEE900E9}.Release|Any CPU.Build.0 = Release|Any CPU
		{DA1B087B-CCE1-4498-BDE4-30E4DEE900E9}.Release|Mixed Platforms.ActiveCfg = Release|Any CPU
		{DA1B087B-CCE1-4498-BDE4-30E4DEE900E9}.Release|Mixed Platforms.Build.0 = Release|Any CPU
		{DA1B087B-CCE1-4498-BDE4-30E4DEE900E9}.Release|x86.ActiveCfg = Release|Any CPU
		{6778DFB6-8AF2-4217-8CEE-C2887E8B2989}.Debug|Any CPU.ActiveCfg = Debug|Any CPU
		{6778DFB6-8AF2-4217-8CEE-C2887E8B2989}.Debug|Any CPU.Build.0 = Debug|Any CPU
		{6778DFB6-8AF2-4217-8CEE-C2887E8B2989}.Debug|Mixed Platforms.ActiveCfg = Debug|Any CPU
		{6778DFB6-8AF2-4217-8CEE-C2887E8B2989}.Debug|Mixed Platforms.Build.0 = Debug|Any CPU
		{6778DFB6-8AF2-4217-8CEE-C2887E8B2989}.Debug|x86.ActiveCfg = Debug|Any CPU
		{6778DFB6-8AF2-4217-8CEE-C2887E8B2989}.Release|Any CPU.ActiveCfg = Release|Any CPU
		{6778DFB6-8AF2-4217-8CEE-C2887E8B2989}.Release|Any CPU.Build.0 = Release|Any CPU
		{6778DFB6-8AF2-4217-8CEE-C2887E8B2989}.Release|Mixed Platforms.ActiveCfg = Release|Any CPU
		{6778DFB6-8AF2-4217-8CEE-C2887E8B2989}.Release|Mixed Platforms.Build.0 = Release|Any CPU
		{6778DFB6-8AF2-4217-8CEE-C2887E8B2989}.Release|x86.ActiveCfg = Release|Any CPU
		{50BA0CC6-6DAE-4C09-97C1-CE6CB22B68A8}.Debug|Any CPU.ActiveCfg = Debug|Any CPU
		{50BA0CC6-6DAE-4C09-97C1-CE6CB22B68A8}.Debug|Any CPU.Build.0 = Debug|Any CPU
		{50BA0CC6-6DAE-4C09-97C1-CE6CB22B68A8}.Debug|Mixed Platforms.ActiveCfg = Debug|Any CPU
		{50BA0CC6-6DAE-4C09-97C1-CE6CB22B68A8}.Debug|Mixed Platforms.Build.0 = Debug|Any CPU
		{50BA0CC6-6DAE-4C09-97C1-CE6CB22B68A8}.Debug|x86.ActiveCfg = Debug|Any CPU
		{50BA0CC6-6DAE-4C09-97C1-CE6CB22B68A8}.Release|Any CPU.ActiveCfg = Release|Any CPU
		{50BA0CC6-6DAE-4C09-97C1-CE6CB22B68A8}.Release|Any CPU.Build.0 = Release|Any CPU
		{50BA0CC6-6DAE-4C09-97C1-CE6CB22B68A8}.Release|Mixed Platforms.ActiveCfg = Release|Any CPU
		{50BA0CC6-6DAE-4C09-97C1-CE6CB22B68A8}.Release|Mixed Platforms.Build.0 = Release|Any CPU
		{50BA0CC6-6DAE-4C09-97C1-CE6CB22B68A8}.Release|x86.ActiveCfg = Release|Any CPU
		{8860D0D9-4BBC-42E2-ADF4-D9E23A2BDCC5}.Debug|Any CPU.ActiveCfg = Debug|Any CPU
		{8860D0D9-4BBC-42E2-ADF4-D9E23A2BDCC5}.Debug|Any CPU.Build.0 = Debug|Any CPU
		{8860D0D9-4BBC-42E2-ADF4-D9E23A2BDCC5}.Debug|Mixed Platforms.ActiveCfg = Debug|Any CPU
		{8860D0D9-4BBC-42E2-ADF4-D9E23A2BDCC5}.Debug|Mixed Platforms.Build.0 = Debug|Any CPU
		{8860D0D9-4BBC-42E2-ADF4-D9E23A2BDCC5}.Debug|x86.ActiveCfg = Debug|Any CPU
		{8860D0D9-4BBC-42E2-ADF4-D9E23A2BDCC5}.Release|Any CPU.ActiveCfg = Release|Any CPU
		{8860D0D9-4BBC-42E2-ADF4-D9E23A2BDCC5}.Release|Any CPU.Build.0 = Release|Any CPU
		{8860D0D9-4BBC-42E2-ADF4-D9E23A2BDCC5}.Release|Mixed Platforms.ActiveCfg = Release|Any CPU
		{8860D0D9-4BBC-42E2-ADF4-D9E23A2BDCC5}.Release|Mixed Platforms.Build.0 = Release|Any CPU
		{8860D0D9-4BBC-42E2-ADF4-D9E23A2BDCC5}.Release|x86.ActiveCfg = Release|Any CPU
		{90F36D32-6D43-4990-9926-BE2806FF2DDF}.Debug|Any CPU.ActiveCfg = Debug|Any CPU
		{90F36D32-6D43-4990-9926-BE2806FF2DDF}.Debug|Any CPU.Build.0 = Debug|Any CPU
		{90F36D32-6D43-4990-9926-BE2806FF2DDF}.Debug|Mixed Platforms.ActiveCfg = Debug|Any CPU
		{90F36D32-6D43-4990-9926-BE2806FF2DDF}.Debug|Mixed Platforms.Build.0 = Debug|Any CPU
		{90F36D32-6D43-4990-9926-BE2806FF2DDF}.Debug|x86.ActiveCfg = Debug|Any CPU
		{90F36D32-6D43-4990-9926-BE2806FF2DDF}.Release|Any CPU.ActiveCfg = Release|Any CPU
		{90F36D32-6D43-4990-9926-BE2806FF2DDF}.Release|Any CPU.Build.0 = Release|Any CPU
		{90F36D32-6D43-4990-9926-BE2806FF2DDF}.Release|Mixed Platforms.ActiveCfg = Release|Any CPU
		{90F36D32-6D43-4990-9926-BE2806FF2DDF}.Release|Mixed Platforms.Build.0 = Release|Any CPU
		{90F36D32-6D43-4990-9926-BE2806FF2DDF}.Release|x86.ActiveCfg = Release|Any CPU
		{E5B3ECEA-682A-4B6B-93BE-2C735035FE58}.Debug|Any CPU.ActiveCfg = Debug|Any CPU
		{E5B3ECEA-682A-4B6B-93BE-2C735035FE58}.Debug|Any CPU.Build.0 = Debug|Any CPU
		{E5B3ECEA-682A-4B6B-93BE-2C735035FE58}.Debug|Mixed Platforms.ActiveCfg = Debug|Any CPU
		{E5B3ECEA-682A-4B6B-93BE-2C735035FE58}.Debug|Mixed Platforms.Build.0 = Debug|Any CPU
		{E5B3ECEA-682A-4B6B-93BE-2C735035FE58}.Debug|x86.ActiveCfg = Debug|Any CPU
		{E5B3ECEA-682A-4B6B-93BE-2C735035FE58}.Release|Any CPU.ActiveCfg = Release|Any CPU
		{E5B3ECEA-682A-4B6B-93BE-2C735035FE58}.Release|Any CPU.Build.0 = Release|Any CPU
		{E5B3ECEA-682A-4B6B-93BE-2C735035FE58}.Release|Mixed Platforms.ActiveCfg = Release|Any CPU
		{E5B3ECEA-682A-4B6B-93BE-2C735035FE58}.Release|Mixed Platforms.Build.0 = Release|Any CPU
		{E5B3ECEA-682A-4B6B-93BE-2C735035FE58}.Release|x86.ActiveCfg = Release|Any CPU
		{98A5BA0C-1FFD-4C05-8C08-FFEAD9F90D06}.Debug|Any CPU.ActiveCfg = Debug|x86
		{98A5BA0C-1FFD-4C05-8C08-FFEAD9F90D06}.Debug|Mixed Platforms.ActiveCfg = Debug|x86
		{98A5BA0C-1FFD-4C05-8C08-FFEAD9F90D06}.Debug|Mixed Platforms.Build.0 = Debug|x86
		{98A5BA0C-1FFD-4C05-8C08-FFEAD9F90D06}.Debug|x86.ActiveCfg = Debug|x86
		{98A5BA0C-1FFD-4C05-8C08-FFEAD9F90D06}.Debug|x86.Build.0 = Debug|x86
		{98A5BA0C-1FFD-4C05-8C08-FFEAD9F90D06}.Release|Any CPU.ActiveCfg = Release|x86
		{98A5BA0C-1FFD-4C05-8C08-FFEAD9F90D06}.Release|Mixed Platforms.ActiveCfg = Release|x86
		{98A5BA0C-1FFD-4C05-8C08-FFEAD9F90D06}.Release|Mixed Platforms.Build.0 = Release|x86
		{98A5BA0C-1FFD-4C05-8C08-FFEAD9F90D06}.Release|x86.ActiveCfg = Release|x86
		{98A5BA0C-1FFD-4C05-8C08-FFEAD9F90D06}.Release|x86.Build.0 = Release|x86
		{E5798DF1-3BA6-4A19-9C5F-7F602DC8BFC8}.Debug|Any CPU.ActiveCfg = Debug|x86
		{E5798DF1-3BA6-4A19-9C5F-7F602DC8BFC8}.Debug|Mixed Platforms.ActiveCfg = Debug|x86
		{E5798DF1-3BA6-4A19-9C5F-7F602DC8BFC8}.Debug|Mixed Platforms.Build.0 = Debug|x86
		{E5798DF1-3BA6-4A19-9C5F-7F602DC8BFC8}.Debug|x86.ActiveCfg = Debug|x86
		{E5798DF1-3BA6-4A19-9C5F-7F602DC8BFC8}.Debug|x86.Build.0 = Debug|x86
		{E5798DF1-3BA6-4A19-9C5F-7F602DC8BFC8}.Release|Any CPU.ActiveCfg = Release|x86
		{E5798DF1-3BA6-4A19-9C5F-7F602DC8BFC8}.Release|Mixed Platforms.ActiveCfg = Release|x86
		{E5798DF1-3BA6-4A19-9C5F-7F602DC8BFC8}.Release|Mixed Platforms.Build.0 = Release|x86
		{E5798DF1-3BA6-4A19-9C5F-7F602DC8BFC8}.Release|x86.ActiveCfg = Release|x86
		{E5798DF1-3BA6-4A19-9C5F-7F602DC8BFC8}.Release|x86.Build.0 = Release|x86
		{E6BA1020-3CC4-4D61-BF40-240F13C6F375}.Debug|Any CPU.ActiveCfg = Debug|x86
		{E6BA1020-3CC4-4D61-BF40-240F13C6F375}.Debug|Mixed Platforms.ActiveCfg = Debug|x86
		{E6BA1020-3CC4-4D61-BF40-240F13C6F375}.Debug|Mixed Platforms.Build.0 = Debug|x86
		{E6BA1020-3CC4-4D61-BF40-240F13C6F375}.Debug|x86.ActiveCfg = Debug|x86
		{E6BA1020-3CC4-4D61-BF40-240F13C6F375}.Debug|x86.Build.0 = Debug|x86
		{E6BA1020-3CC4-4D61-BF40-240F13C6F375}.Release|Any CPU.ActiveCfg = Release|x86
		{E6BA1020-3CC4-4D61-BF40-240F13C6F375}.Release|Mixed Platforms.ActiveCfg = Release|x86
		{E6BA1020-3CC4-4D61-BF40-240F13C6F375}.Release|Mixed Platforms.Build.0 = Release|x86
		{E6BA1020-3CC4-4D61-BF40-240F13C6F375}.Release|x86.ActiveCfg = Release|x86
		{E6BA1020-3CC4-4D61-BF40-240F13C6F375}.Release|x86.Build.0 = Release|x86
		{8EB2A810-300D-4CCD-86C0-F4F83F5F8544}.Debug|Any CPU.ActiveCfg = Debug|Any CPU
		{8EB2A810-300D-4CCD-86C0-F4F83F5F8544}.Debug|Any CPU.Build.0 = Debug|Any CPU
		{8EB2A810-300D-4CCD-86C0-F4F83F5F8544}.Debug|Mixed Platforms.ActiveCfg = Debug|Any CPU
		{8EB2A810-300D-4CCD-86C0-F4F83F5F8544}.Debug|Mixed Platforms.Build.0 = Debug|Any CPU
		{8EB2A810-300D-4CCD-86C0-F4F83F5F8544}.Debug|x86.ActiveCfg = Debug|Any CPU
		{8EB2A810-300D-4CCD-86C0-F4F83F5F8544}.Release|Any CPU.ActiveCfg = Release|Any CPU
		{8EB2A810-300D-4CCD-86C0-F4F83F5F8544}.Release|Any CPU.Build.0 = Release|Any CPU
		{8EB2A810-300D-4CCD-86C0-F4F83F5F8544}.Release|Mixed Platforms.ActiveCfg = Release|Any CPU
		{8EB2A810-300D-4CCD-86C0-F4F83F5F8544}.Release|Mixed Platforms.Build.0 = Release|Any CPU
		{8EB2A810-300D-4CCD-86C0-F4F83F5F8544}.Release|x86.ActiveCfg = Release|Any CPU
		{73E73B54-8945-4E74-82FC-3FAA4A72C513}.Debug|Any CPU.ActiveCfg = Debug|Any CPU
		{73E73B54-8945-4E74-82FC-3FAA4A72C513}.Debug|Any CPU.Build.0 = Debug|Any CPU
		{73E73B54-8945-4E74-82FC-3FAA4A72C513}.Debug|Mixed Platforms.ActiveCfg = Debug|Any CPU
		{73E73B54-8945-4E74-82FC-3FAA4A72C513}.Debug|Mixed Platforms.Build.0 = Debug|Any CPU
		{73E73B54-8945-4E74-82FC-3FAA4A72C513}.Debug|x86.ActiveCfg = Debug|Any CPU
		{73E73B54-8945-4E74-82FC-3FAA4A72C513}.Release|Any CPU.ActiveCfg = Release|Any CPU
		{73E73B54-8945-4E74-82FC-3FAA4A72C513}.Release|Any CPU.Build.0 = Release|Any CPU
		{73E73B54-8945-4E74-82FC-3FAA4A72C513}.Release|Mixed Platforms.ActiveCfg = Release|Any CPU
		{73E73B54-8945-4E74-82FC-3FAA4A72C513}.Release|Mixed Platforms.Build.0 = Release|Any CPU
		{73E73B54-8945-4E74-82FC-3FAA4A72C513}.Release|x86.ActiveCfg = Release|Any CPU
		{30A45CD4-BC54-44B0-94B0-1E91BEF3B44A}.Debug|Any CPU.ActiveCfg = Debug|Any CPU
		{30A45CD4-BC54-44B0-94B0-1E91BEF3B44A}.Debug|Any CPU.Build.0 = Debug|Any CPU
		{30A45CD4-BC54-44B0-94B0-1E91BEF3B44A}.Debug|Mixed Platforms.ActiveCfg = Debug|Any CPU
		{30A45CD4-BC54-44B0-94B0-1E91BEF3B44A}.Debug|Mixed Platforms.Build.0 = Debug|Any CPU
		{30A45CD4-BC54-44B0-94B0-1E91BEF3B44A}.Debug|x86.ActiveCfg = Debug|Any CPU
		{30A45CD4-BC54-44B0-94B0-1E91BEF3B44A}.Release|Any CPU.ActiveCfg = Release|Any CPU
		{30A45CD4-BC54-44B0-94B0-1E91BEF3B44A}.Release|Any CPU.Build.0 = Release|Any CPU
		{30A45CD4-BC54-44B0-94B0-1E91BEF3B44A}.Release|Mixed Platforms.ActiveCfg = Release|Any CPU
		{30A45CD4-BC54-44B0-94B0-1E91BEF3B44A}.Release|Mixed Platforms.Build.0 = Release|Any CPU
		{30A45CD4-BC54-44B0-94B0-1E91BEF3B44A}.Release|x86.ActiveCfg = Release|Any CPU
		{F8DDB763-8FA3-4C99-9B3C-94D085EF6B19}.Debug|Any CPU.ActiveCfg = Debug|Any CPU
		{F8DDB763-8FA3-4C99-9B3C-94D085EF6B19}.Debug|Any CPU.Build.0 = Debug|Any CPU
		{F8DDB763-8FA3-4C99-9B3C-94D085EF6B19}.Debug|Mixed Platforms.ActiveCfg = Debug|Any CPU
		{F8DDB763-8FA3-4C99-9B3C-94D085EF6B19}.Debug|Mixed Platforms.Build.0 = Debug|Any CPU
		{F8DDB763-8FA3-4C99-9B3C-94D085EF6B19}.Debug|x86.ActiveCfg = Debug|Any CPU
		{F8DDB763-8FA3-4C99-9B3C-94D085EF6B19}.Release|Any CPU.ActiveCfg = Release|Any CPU
		{F8DDB763-8FA3-4C99-9B3C-94D085EF6B19}.Release|Any CPU.Build.0 = Release|Any CPU
		{F8DDB763-8FA3-4C99-9B3C-94D085EF6B19}.Release|Mixed Platforms.ActiveCfg = Release|Any CPU
		{F8DDB763-8FA3-4C99-9B3C-94D085EF6B19}.Release|Mixed Platforms.Build.0 = Release|Any CPU
		{F8DDB763-8FA3-4C99-9B3C-94D085EF6B19}.Release|x86.ActiveCfg = Release|Any CPU
		{786168EE-ACE6-4DBE-92E3-A234AFB28D1D}.Debug|Any CPU.ActiveCfg = Debug|Any CPU
		{786168EE-ACE6-4DBE-92E3-A234AFB28D1D}.Debug|Any CPU.Build.0 = Debug|Any CPU
		{786168EE-ACE6-4DBE-92E3-A234AFB28D1D}.Debug|Mixed Platforms.ActiveCfg = Debug|Any CPU
		{786168EE-ACE6-4DBE-92E3-A234AFB28D1D}.Debug|Mixed Platforms.Build.0 = Debug|Any CPU
		{786168EE-ACE6-4DBE-92E3-A234AFB28D1D}.Debug|x86.ActiveCfg = Debug|Any CPU
		{786168EE-ACE6-4DBE-92E3-A234AFB28D1D}.Release|Any CPU.ActiveCfg = Release|Any CPU
		{786168EE-ACE6-4DBE-92E3-A234AFB28D1D}.Release|Any CPU.Build.0 = Release|Any CPU
		{786168EE-ACE6-4DBE-92E3-A234AFB28D1D}.Release|Mixed Platforms.ActiveCfg = Release|Any CPU
		{786168EE-ACE6-4DBE-92E3-A234AFB28D1D}.Release|Mixed Platforms.Build.0 = Release|Any CPU
		{786168EE-ACE6-4DBE-92E3-A234AFB28D1D}.Release|x86.ActiveCfg = Release|Any CPU
		{637A61F2-5907-439D-BC66-F505264584A0}.Debug|Any CPU.ActiveCfg = Debug|Any CPU
		{637A61F2-5907-439D-BC66-F505264584A0}.Debug|Any CPU.Build.0 = Debug|Any CPU
		{637A61F2-5907-439D-BC66-F505264584A0}.Debug|Mixed Platforms.ActiveCfg = Debug|Any CPU
		{637A61F2-5907-439D-BC66-F505264584A0}.Debug|Mixed Platforms.Build.0 = Debug|Any CPU
		{637A61F2-5907-439D-BC66-F505264584A0}.Debug|x86.ActiveCfg = Debug|Any CPU
		{637A61F2-5907-439D-BC66-F505264584A0}.Release|Any CPU.ActiveCfg = Release|Any CPU
		{637A61F2-5907-439D-BC66-F505264584A0}.Release|Any CPU.Build.0 = Release|Any CPU
		{637A61F2-5907-439D-BC66-F505264584A0}.Release|Mixed Platforms.ActiveCfg = Release|Any CPU
		{637A61F2-5907-439D-BC66-F505264584A0}.Release|Mixed Platforms.Build.0 = Release|Any CPU
		{637A61F2-5907-439D-BC66-F505264584A0}.Release|x86.ActiveCfg = Release|Any CPU
		{EAAA6E53-ED39-4DCB-AD1A-E0ABAF02F9B8}.Debug|Any CPU.ActiveCfg = Debug|Any CPU
		{EAAA6E53-ED39-4DCB-AD1A-E0ABAF02F9B8}.Debug|Any CPU.Build.0 = Debug|Any CPU
		{EAAA6E53-ED39-4DCB-AD1A-E0ABAF02F9B8}.Debug|Mixed Platforms.ActiveCfg = Debug|Any CPU
		{EAAA6E53-ED39-4DCB-AD1A-E0ABAF02F9B8}.Debug|Mixed Platforms.Build.0 = Debug|Any CPU
		{EAAA6E53-ED39-4DCB-AD1A-E0ABAF02F9B8}.Debug|x86.ActiveCfg = Debug|Any CPU
		{EAAA6E53-ED39-4DCB-AD1A-E0ABAF02F9B8}.Release|Any CPU.ActiveCfg = Release|Any CPU
		{EAAA6E53-ED39-4DCB-AD1A-E0ABAF02F9B8}.Release|Any CPU.Build.0 = Release|Any CPU
		{EAAA6E53-ED39-4DCB-AD1A-E0ABAF02F9B8}.Release|Mixed Platforms.ActiveCfg = Release|Any CPU
		{EAAA6E53-ED39-4DCB-AD1A-E0ABAF02F9B8}.Release|Mixed Platforms.Build.0 = Release|Any CPU
		{EAAA6E53-ED39-4DCB-AD1A-E0ABAF02F9B8}.Release|x86.ActiveCfg = Release|Any CPU
		{E6C0B856-8F84-4514-A710-0C7DE9EE8E4F}.Debug|Any CPU.ActiveCfg = Debug|x86
		{E6C0B856-8F84-4514-A710-0C7DE9EE8E4F}.Debug|Mixed Platforms.ActiveCfg = Debug|x86
		{E6C0B856-8F84-4514-A710-0C7DE9EE8E4F}.Debug|Mixed Platforms.Build.0 = Debug|x86
		{E6C0B856-8F84-4514-A710-0C7DE9EE8E4F}.Debug|x86.ActiveCfg = Debug|x86
		{E6C0B856-8F84-4514-A710-0C7DE9EE8E4F}.Debug|x86.Build.0 = Debug|x86
		{E6C0B856-8F84-4514-A710-0C7DE9EE8E4F}.Release|Any CPU.ActiveCfg = Release|x86
		{E6C0B856-8F84-4514-A710-0C7DE9EE8E4F}.Release|Mixed Platforms.ActiveCfg = Release|x86
		{E6C0B856-8F84-4514-A710-0C7DE9EE8E4F}.Release|Mixed Platforms.Build.0 = Release|x86
		{E6C0B856-8F84-4514-A710-0C7DE9EE8E4F}.Release|x86.ActiveCfg = Release|x86
		{E6C0B856-8F84-4514-A710-0C7DE9EE8E4F}.Release|x86.Build.0 = Release|x86
		{7B6D44ED-E1B7-4DEA-A052-19BE30AADAAC}.Debug|Any CPU.ActiveCfg = Debug|Any CPU
		{7B6D44ED-E1B7-4DEA-A052-19BE30AADAAC}.Debug|Any CPU.Build.0 = Debug|Any CPU
		{7B6D44ED-E1B7-4DEA-A052-19BE30AADAAC}.Debug|Mixed Platforms.ActiveCfg = Debug|Any CPU
		{7B6D44ED-E1B7-4DEA-A052-19BE30AADAAC}.Debug|Mixed Platforms.Build.0 = Debug|Any CPU
		{7B6D44ED-E1B7-4DEA-A052-19BE30AADAAC}.Debug|x86.ActiveCfg = Debug|Any CPU
		{7B6D44ED-E1B7-4DEA-A052-19BE30AADAAC}.Release|Any CPU.ActiveCfg = Release|Any CPU
		{7B6D44ED-E1B7-4DEA-A052-19BE30AADAAC}.Release|Any CPU.Build.0 = Release|Any CPU
		{7B6D44ED-E1B7-4DEA-A052-19BE30AADAAC}.Release|Mixed Platforms.ActiveCfg = Release|Any CPU
		{7B6D44ED-E1B7-4DEA-A052-19BE30AADAAC}.Release|Mixed Platforms.Build.0 = Release|Any CPU
		{7B6D44ED-E1B7-4DEA-A052-19BE30AADAAC}.Release|x86.ActiveCfg = Release|Any CPU
		{90478F0B-3534-4933-8CC0-D3B98C7F005A}.Debug|Any CPU.ActiveCfg = Debug|x86
		{90478F0B-3534-4933-8CC0-D3B98C7F005A}.Debug|Mixed Platforms.ActiveCfg = Debug|x86
		{90478F0B-3534-4933-8CC0-D3B98C7F005A}.Debug|Mixed Platforms.Build.0 = Debug|x86
		{90478F0B-3534-4933-8CC0-D3B98C7F005A}.Debug|x86.ActiveCfg = Debug|x86
		{90478F0B-3534-4933-8CC0-D3B98C7F005A}.Debug|x86.Build.0 = Debug|x86
		{90478F0B-3534-4933-8CC0-D3B98C7F005A}.Release|Any CPU.ActiveCfg = Release|x86
		{90478F0B-3534-4933-8CC0-D3B98C7F005A}.Release|Mixed Platforms.ActiveCfg = Release|x86
		{90478F0B-3534-4933-8CC0-D3B98C7F005A}.Release|Mixed Platforms.Build.0 = Release|x86
		{90478F0B-3534-4933-8CC0-D3B98C7F005A}.Release|x86.ActiveCfg = Release|x86
		{90478F0B-3534-4933-8CC0-D3B98C7F005A}.Release|x86.Build.0 = Release|x86
	EndGlobalSection
	GlobalSection(SolutionProperties) = preSolution
		HideSolutionNode = FALSE
	EndGlobalSection
	GlobalSection(NestedProjects) = preSolution
		{4D0F8940-BCCA-47EE-B8F9-C8A823A07060} = {AB77D616-F36D-4443-BEAF-53F0113FD42A}
		{B44CC900-7D39-43CC-BC7F-52A028AB0922} = {AB77D616-F36D-4443-BEAF-53F0113FD42A}
		{F8D5A0B8-650F-4A10-BAAF-14B87D50F00C} = {AB77D616-F36D-4443-BEAF-53F0113FD42A}
		{A97CF133-3317-4536-9A1A-0CADF9B59212} = {AB77D616-F36D-4443-BEAF-53F0113FD42A}
		{B8861A23-3039-4C3F-95F7-D732CAD25C1E} = {AB77D616-F36D-4443-BEAF-53F0113FD42A}
		{DA1B087B-CCE1-4498-BDE4-30E4DEE900E9} = {4D0F8940-BCCA-47EE-B8F9-C8A823A07060}
		{6778DFB6-8AF2-4217-8CEE-C2887E8B2989} = {4D0F8940-BCCA-47EE-B8F9-C8A823A07060}
		{50BA0CC6-6DAE-4C09-97C1-CE6CB22B68A8} = {4D0F8940-BCCA-47EE-B8F9-C8A823A07060}
		{E5B3ECEA-682A-4B6B-93BE-2C735035FE58} = {4D0F8940-BCCA-47EE-B8F9-C8A823A07060}
		{8B1A6B00-B1AA-4427-BF6A-5045CF947D85} = {A10BE42E-811B-4046-BC36-A3FF847EBA4E}
		{6185F7CF-2B25-46E8-9321-74C14495EC85} = {A10BE42E-811B-4046-BC36-A3FF847EBA4E}
		{8860D0D9-4BBC-42E2-ADF4-D9E23A2BDCC5} = {D6F47A86-5D0C-4391-9A89-474A19F32BDC}
		{90F36D32-6D43-4990-9926-BE2806FF2DDF} = {D6F47A86-5D0C-4391-9A89-474A19F32BDC}
		{2FB7090B-AF6B-4EFC-BB7C-4A67740A685C} = {8B1A6B00-B1AA-4427-BF6A-5045CF947D85}
		{8E188D4E-4504-48DD-92B4-4D681C6C9DA0} = {8B1A6B00-B1AA-4427-BF6A-5045CF947D85}
		{39CB6642-69BF-4ED5-A661-BB2E0B32F3BB} = {8B1A6B00-B1AA-4427-BF6A-5045CF947D85}
		{1ECDCA89-5CAC-43D3-8B79-E5369AA4378A} = {8B1A6B00-B1AA-4427-BF6A-5045CF947D85}
		{8EB2A810-300D-4CCD-86C0-F4F83F5F8544} = {2FB7090B-AF6B-4EFC-BB7C-4A67740A685C}
		{73E73B54-8945-4E74-82FC-3FAA4A72C513} = {2FB7090B-AF6B-4EFC-BB7C-4A67740A685C}
		{98A5BA0C-1FFD-4C05-8C08-FFEAD9F90D06} = {8E188D4E-4504-48DD-92B4-4D681C6C9DA0}
		{30A45CD4-BC54-44B0-94B0-1E91BEF3B44A} = {39CB6642-69BF-4ED5-A661-BB2E0B32F3BB}
		{E6BA1020-3CC4-4D61-BF40-240F13C6F375} = {1ECDCA89-5CAC-43D3-8B79-E5369AA4378A}
		{E5798DF1-3BA6-4A19-9C5F-7F602DC8BFC8} = {1ECDCA89-5CAC-43D3-8B79-E5369AA4378A}
		{F8DDB763-8FA3-4C99-9B3C-94D085EF6B19} = {B8861A23-3039-4C3F-95F7-D732CAD25C1E}
		{786168EE-ACE6-4DBE-92E3-A234AFB28D1D} = {B8861A23-3039-4C3F-95F7-D732CAD25C1E}
		{637A61F2-5907-439D-BC66-F505264584A0} = {B8861A23-3039-4C3F-95F7-D732CAD25C1E}
		{EAAA6E53-ED39-4DCB-AD1A-E0ABAF02F9B8} = {B8861A23-3039-4C3F-95F7-D732CAD25C1E}
		{7B6D44ED-E1B7-4DEA-A052-19BE30AADAAC} = {B8861A23-3039-4C3F-95F7-D732CAD25C1E}
		{E6C0B856-8F84-4514-A710-0C7DE9EE8E4F} = {6185F7CF-2B25-46E8-9321-74C14495EC85}
		{90478F0B-3534-4933-8CC0-D3B98C7F005A} = {5E29A712-1224-4053-BE20-42FBFEF9CC6E}
	EndGlobalSection
EndGlobal
